
Microsoft Visual Studio Solution File, Format Version 12.00
# Visual Studio 15
VisualStudioVersion = 15.0.27130.2027
MinimumVisualStudioVersion = 10.0.40219.1
Project("{8BC9CEB8-8B4A-11D0-8D11-00A0C91BC942}") = "Quotient", "Quotient.vcxproj", "{4FDDF168-C15F-4D7F-8C2C-D3E3BAD8664B}"
EndProject
Global
	GlobalSection(SolutionConfigurationPlatforms) = preSolution
		Debug|x64 = Debug|x64
		Debug|x86 = Debug|x86
		Release|x64 = Release|x64
		Release|x86 = Release|x86
	EndGlobalSection
	GlobalSection(ProjectConfigurationPlatforms) = postSolution
		{4FDDF168-C15F-4D7F-8C2C-D3E3BAD8664B}.Debug|x64.ActiveCfg = Debug|x64
		{4FDDF168-C15F-4D7F-8C2C-D3E3BAD8664B}.Debug|x64.Build.0 = Debug|x64
		{4FDDF168-C15F-4D7F-8C2C-D3E3BAD8664B}.Debug|x86.ActiveCfg = Debug|Win32
		{4FDDF168-C15F-4D7F-8C2C-D3E3BAD8664B}.Debug|x86.Build.0 = Debug|Win32
		{4FDDF168-C15F-4D7F-8C2C-D3E3BAD8664B}.Release|x64.ActiveCfg = Release|x64
		{4FDDF168-C15F-4D7F-8C2C-D3E3BAD8664B}.Release|x64.Build.0 = Release|x64
		{4FDDF168-C15F-4D7F-8C2C-D3E3BAD8664B}.Release|x86.ActiveCfg = Release|Win32
		{4FDDF168-C15F-4D7F-8C2C-D3E3BAD8664B}.Release|x86.Build.0 = Release|Win32
	EndGlobalSection
	GlobalSection(SolutionProperties) = preSolution
		HideSolutionNode = FALSE
	EndGlobalSection
	GlobalSection(ExtensibilityGlobals) = postSolution
		SolutionGuid = {D176F321-8D43-42C2-914F-794203090418}
	EndGlobalSection
EndGlobal
